
Microsoft Visual Studio Solution File, Format Version 12.00
# Visual Studio Version 17
VisualStudioVersion = 17.4.33213.308
MinimumVisualStudioVersion = 10.0.40219.1
Project("{9A19103F-16F7-4668-BE54-9A1E7A4F7556}") = "BlazorApplicationState.Server", "BlazorApplicationState\Server\BlazorApplicationState.Server.csproj", "{967F0A38-AD03-4AEA-A8D5-4F46162EAB96}"
EndProject
Project("{9A19103F-16F7-4668-BE54-9A1E7A4F7556}") = "BlazorApplicationState.Client", "BlazorApplicationState\Client\BlazorApplicationState.Client.csproj", "{A741A3CB-8E13-4400-85EE-3DCE26FC8D43}"
EndProject
Project("{9A19103F-16F7-4668-BE54-9A1E7A4F7556}") = "BlazorApplicationState.Shared", "BlazorApplicationState\Shared\BlazorApplicationState.Shared.csproj", "{4EC61ECD-0330-4418-932F-D17B1E55E18D}"
EndProject
Global
	GlobalSection(SolutionConfigurationPlatforms) = preSolution
		Debug|Any CPU = Debug|Any CPU
		Release|Any CPU = Release|Any CPU
	EndGlobalSection
	GlobalSection(ProjectConfigurationPlatforms) = postSolution
		{967F0A38-AD03-4AEA-A8D5-4F46162EAB96}.Debug|Any CPU.ActiveCfg = Debug|Any CPU
		{967F0A38-AD03-4AEA-A8D5-4F46162EAB96}.Debug|Any CPU.Build.0 = Debug|Any CPU
		{967F0A38-AD03-4AEA-A8D5-4F46162EAB96}.Release|Any CPU.ActiveCfg = Release|Any CPU
		{967F0A38-AD03-4AEA-A8D5-4F46162EAB96}.Release|Any CPU.Build.0 = Release|Any CPU
		{A741A3CB-8E13-4400-85EE-3DCE26FC8D43}.Debug|Any CPU.ActiveCfg = Debug|Any CPU
		{A741A3CB-8E13-4400-85EE-3DCE26FC8D43}.Debug|Any CPU.Build.0 = Debug|Any CPU
		{A741A3CB-8E13-4400-85EE-3DCE26FC8D43}.Release|Any CPU.ActiveCfg = Release|Any CPU
		{A741A3CB-8E13-4400-85EE-3DCE26FC8D43}.Release|Any CPU.Build.0 = Release|Any CPU
		{4EC61ECD-0330-4418-932F-D17B1E55E18D}.Debug|Any CPU.ActiveCfg = Debug|Any CPU
		{4EC61ECD-0330-4418-932F-D17B1E55E18D}.Debug|Any CPU.Build.0 = Debug|Any CPU
		{4EC61ECD-0330-4418-932F-D17B1E55E18D}.Release|Any CPU.ActiveCfg = Release|Any CPU
		{4EC61ECD-0330-4418-932F-D17B1E55E18D}.Release|Any CPU.Build.0 = Release|Any CPU
	EndGlobalSection
	GlobalSection(SolutionProperties) = preSolution
		HideSolutionNode = FALSE
	EndGlobalSection
	GlobalSection(ExtensibilityGlobals) = postSolution
		SolutionGuid = {FF9356BC-37C7-44CE-BF1D-5D55AD5EB74D}
	EndGlobalSection
EndGlobal
